
Microsoft Visual Studio Solution File, Format Version 12.00
Project("{FAE04EC0-301F-11D3-BF4B-00C04F79EFBC}") = "LiquidBee.Sentry", "src\LiquidBee.Sentry\LiquidBee.Sentry.csproj", "{75DC46A1-8300-4DD6-BDC2-4AFAF24D3FEE}"
EndProject
Global
	GlobalSection(SolutionConfigurationPlatforms) = preSolution
		Debug|Any CPU = Debug|Any CPU
		Release|Any CPU = Release|Any CPU
	EndGlobalSection
	GlobalSection(ProjectConfigurationPlatforms) = postSolution
		{75DC46A1-8300-4DD6-BDC2-4AFAF24D3FEE}.Debug|Any CPU.ActiveCfg = Debug|Any CPU
		{75DC46A1-8300-4DD6-BDC2-4AFAF24D3FEE}.Debug|Any CPU.Build.0 = Debug|Any CPU
		{75DC46A1-8300-4DD6-BDC2-4AFAF24D3FEE}.Release|Any CPU.ActiveCfg = Release|Any CPU
		{75DC46A1-8300-4DD6-BDC2-4AFAF24D3FEE}.Release|Any CPU.Build.0 = Release|Any CPU
	EndGlobalSection
EndGlobal
